
Microsoft Visual Studio Solution File, Format Version 12.00
# Visual Studio Version 17
VisualStudioVersion = 17.3.32929.385
MinimumVisualStudioVersion = 10.0.40219.1
Project("{FAE04EC0-301F-11D3-BF4B-00C04F79EFBC}") = "SomethingNearby_Lite", "SomethingNearby_Lite.csproj", "{C278AD39-1F8C-4D8C-A32A-D85BA310A28A}"
EndProject
Global
	GlobalSection(SolutionConfigurationPlatforms) = preSolution
		Debug|Any CPU = Debug|Any CPU
		Release|Any CPU = Release|Any CPU
	EndGlobalSection
	GlobalSection(ProjectConfigurationPlatforms) = postSolution
		{C278AD39-1F8C-4D8C-A32A-D85BA310A28A}.Debug|Any CPU.ActiveCfg = Debug|Any CPU
		{C278AD39-1F8C-4D8C-A32A-D85BA310A28A}.Debug|Any CPU.Build.0 = Debug|Any CPU
		{C278AD39-1F8C-4D8C-A32A-D85BA310A28A}.Release|Any CPU.ActiveCfg = Release|Any CPU
		{C278AD39-1F8C-4D8C-A32A-D85BA310A28A}.Release|Any CPU.Build.0 = Release|Any CPU
	EndGlobalSection
	GlobalSection(SolutionProperties) = preSolution
		HideSolutionNode = FALSE
	EndGlobalSection
	GlobalSection(ExtensibilityGlobals) = postSolution
		SolutionGuid = {FF4F7DC6-C17F-44C0-A33A-621E8F8D3591}
	EndGlobalSection
EndGlobal
