
Microsoft Visual Studio Solution File, Format Version 12.00
# Visual Studio Version 17
VisualStudioVersion = 17.3.32929.385
MinimumVisualStudioVersion = 10.0.40219.1
Project("{FAE04EC0-301F-11D3-BF4B-00C04F79EFBC}") = "Something_Nearby", "Something_Nearby.csproj", "{E46ECA67-FBE2-40FF-921D-9CB0F42F7141}"
EndProject
Global
	GlobalSection(SolutionConfigurationPlatforms) = preSolution
		Debug|Any CPU = Debug|Any CPU
		Release|Any CPU = Release|Any CPU
	EndGlobalSection
	GlobalSection(ProjectConfigurationPlatforms) = postSolution
		{E46ECA67-FBE2-40FF-921D-9CB0F42F7141}.Debug|Any CPU.ActiveCfg = Debug|Any CPU
		{E46ECA67-FBE2-40FF-921D-9CB0F42F7141}.Debug|Any CPU.Build.0 = Debug|Any CPU
		{E46ECA67-FBE2-40FF-921D-9CB0F42F7141}.Release|Any CPU.ActiveCfg = Release|Any CPU
		{E46ECA67-FBE2-40FF-921D-9CB0F42F7141}.Release|Any CPU.Build.0 = Release|Any CPU
	EndGlobalSection
	GlobalSection(SolutionProperties) = preSolution
		HideSolutionNode = FALSE
	EndGlobalSection
	GlobalSection(ExtensibilityGlobals) = postSolution
		SolutionGuid = {706E9C51-513F-4AD1-BC06-0A60BB9C5B32}
	EndGlobalSection
EndGlobal
